
Microsoft Visual Studio Solution File, Format Version 12.00
# Visual Studio 15
VisualStudioVersion = 15.0.28010.2036
MinimumVisualStudioVersion = 10.0.40219.1
Project("{2150E333-8FDC-42A3-9474-1A3956D46DE8}") = "Library", "Library", "{968CCE34-1264-4889-84FB-C70924CDA9D1}"
EndProject
Project("{2150E333-8FDC-42A3-9474-1A3956D46DE8}") = "Application", "Application", "{60155003-171E-4285-AACF-58A93AE01342}"
EndProject
Project("{9A19103F-16F7-4668-BE54-9A1E7A4F7556}") = "TinyCalc", "TinyCalc\TinyCalc.csproj", "{84FC4C3A-2914-40B2-B647-A57AB97DA715}"
EndProject
Project("{FAE04EC0-301F-11D3-BF4B-00C04F79EFBC}") = "Tiny.Science", "Tiny.Science\Tiny.Science.csproj", "{6592158F-C4A0-4BE5-9356-618777EE2A42}"
EndProject
Global
	GlobalSection(SolutionConfigurationPlatforms) = preSolution
		Debug|Any CPU = Debug|Any CPU
		Release|Any CPU = Release|Any CPU
	EndGlobalSection
	GlobalSection(ProjectConfigurationPlatforms) = postSolution
		{84FC4C3A-2914-40B2-B647-A57AB97DA715}.Debug|Any CPU.ActiveCfg = Debug|Any CPU
		{84FC4C3A-2914-40B2-B647-A57AB97DA715}.Debug|Any CPU.Build.0 = Debug|Any CPU
		{84FC4C3A-2914-40B2-B647-A57AB97DA715}.Release|Any CPU.ActiveCfg = Release|Any CPU
		{84FC4C3A-2914-40B2-B647-A57AB97DA715}.Release|Any CPU.Build.0 = Release|Any CPU
		{6592158F-C4A0-4BE5-9356-618777EE2A42}.Debug|Any CPU.ActiveCfg = Debug|Any CPU
		{6592158F-C4A0-4BE5-9356-618777EE2A42}.Debug|Any CPU.Build.0 = Debug|Any CPU
		{6592158F-C4A0-4BE5-9356-618777EE2A42}.Release|Any CPU.ActiveCfg = Release|Any CPU
		{6592158F-C4A0-4BE5-9356-618777EE2A42}.Release|Any CPU.Build.0 = Release|Any CPU
	EndGlobalSection
	GlobalSection(SolutionProperties) = preSolution
		HideSolutionNode = FALSE
	EndGlobalSection
	GlobalSection(NestedProjects) = preSolution
		{84FC4C3A-2914-40B2-B647-A57AB97DA715} = {60155003-171E-4285-AACF-58A93AE01342}
		{6592158F-C4A0-4BE5-9356-618777EE2A42} = {968CCE34-1264-4889-84FB-C70924CDA9D1}
	EndGlobalSection
	GlobalSection(ExtensibilityGlobals) = postSolution
		SolutionGuid = {1B00EF3E-C955-4FA6-B86C-939F59C1A70D}
	EndGlobalSection
EndGlobal
